<?xml version="1.0" encoding="utf-8"?>
<Project ToolsVersion="4.0" xmlns="http://schemas.microsoft.com/developer/msbuild/2003">
  <ItemGroup>
    <ClCompile Include="Main.cpp" />
    <ClCompile Include="Compress.cpp" />
    <ClCompile Include="Decompress.cpp" />
  </ItemGroup>
  <ItemGroup>
    <ClInclude Include="Compress.h" />
    <ClInclude Include="Decompress.h" />
  </ItemGroup>
</Project>